// !$*UTF8*$!
{
	archiveVersion = 1;
	classes = {
	};
	objectVersion = 56;
	objects = {

/* Begin PBXBuildFile section */
		BEC8350A28FDD30800D2F0AB /* AppDelegate.swift in Sources */ = {isa = PBXBuildFile; fileRef = BEC8350928FDD30800D2F0AB /* AppDelegate.swift */; };
		BEC8350C28FDD30800D2F0AB /* ChartsTVC.swift in Sources */ = {isa = PBXBuildFile; fileRef = BEC8350B28FDD30800D2F0AB /* ChartsTVC.swift */; };
		BEC8350E28FDD30900D2F0AB /* Assets.xcassets in Resources */ = {isa = PBXBuildFile; fileRef = BEC8350D28FDD30900D2F0AB /* Assets.xcassets */; };
		BEC8351128FDD30900D2F0AB /* Main.storyboard in Resources */ = {isa = PBXBuildFile; fileRef = BEC8350F28FDD30900D2F0AB /* Main.storyboard */; };
		BEC8351928FDD4F300D2F0AB /* ChartsVC1.swift in Sources */ = {isa = PBXBuildFile; fileRef = BEC8351828FDD4F300D2F0AB /* ChartsVC1.swift */; };
		BEC8351B28FDD5B100D2F0AB /* ChartsVC2.swift in Sources */ = {isa = PBXBuildFile; fileRef = BEC8351A28FDD5B100D2F0AB /* ChartsVC2.swift */; };
		BEC8351D28FDD72200D2F0AB /* Extension.swift in Sources */ = {isa = PBXBuildFile; fileRef = BEC8351C28FDD72200D2F0AB /* Extension.swift */; };
/* End PBXBuildFile section */

/* Begin PBXFileReference section */
		BEC8350628FDD30800D2F0AB /* MyGraph.app */ = {isa = PBXFileReference; explicitFileType = wrapper.application; includeInIndex = 0; path = MyGraph.app; sourceTree = BUILT_PRODUCTS_DIR; };
		BEC8350928FDD30800D2F0AB /* AppDelegate.swift */ = {isa = PBXFileReference; lastKnownFileType = sourcecode.swift; path = AppDelegate.swift; sourceTree = "<group>"; };
		BEC8350B28FDD30800D2F0AB /* ChartsTVC.swift */ = {isa = PBXFileReference; lastKnownFileType = sourcecode.swift; path = ChartsTVC.swift; sourceTree = "<group>"; };
		BEC8350D28FDD30900D2F0AB /* Assets.xcassets */ = {isa = PBXFileReference; lastKnownFileType = folder.assetcatalog; path = Assets.xcassets; sourceTree = "<group>"; };
		BEC8351028FDD30900D2F0AB /* Base */ = {isa = PBXFileReference; lastKnownFileType = file.storyboard; name = Base; path = Base.lproj/Main.storyboard; sourceTree = "<group>"; };
		BEC8351228FDD30900D2F0AB /* MyGraph.entitlements */ = {isa = PBXFileReference; lastKnownFileType = text.plist.entitlements; path = MyGraph.entitlements; sourceTree = "<group>"; };
		BEC8351828FDD4F300D2F0AB /* ChartsVC1.swift */ = {isa = PBXFileReference; lastKnownFileType = sourcecode.swift; path = ChartsVC1.swift; sourceTree = "<group>"; };
		BEC8351A28FDD5B100D2F0AB /* ChartsVC2.swift */ = {isa = PBXFileReference; lastKnownFileType = sourcecode.swift; path = ChartsVC2.swift; sourceTree = "<group>"; };
		BEC8351C28FDD72200D2F0AB /* Extension.swift */ = {isa = PBXFileReference; lastKnownFileType = sourcecode.swift; path = Extension.swift; sourceTree = "<group>"; };
/* End PBXFileReference section */

/* Begin PBXFrameworksBuildPhase section */
		BEC8350328FDD30800D2F0AB /* Frameworks */ = {
			isa = PBXFrameworksBuildPhase;
			buildActionMask = 2147483647;
			files = (
			);
			runOnlyForDeploymentPostprocessing = 0;
		};
/* End PBXFrameworksBuildPhase section */

/* Begin PBXGroup section */
		BEC834FD28FDD30800D2F0AB = {
			isa = PBXGroup;
			children = (
				BEC8350828FDD30800D2F0AB /* MyGraph */,
				BEC8350728FDD30800D2F0AB /* Products */,
			);
			sourceTree = "<group>";
		};
		BEC8350728FDD30800D2F0AB /* Products */ = {
			isa = PBXGroup;
			children = (
				BEC8350628FDD30800D2F0AB /* MyGraph.app */,
			);
			name = Products;
			sourceTree = "<group>";
		};
		BEC8350828FDD30800D2F0AB /* MyGraph */ = {
			isa = PBXGroup;
			children = (
				BEC8350928FDD30800D2F0AB /* AppDelegate.swift */,
				BEC8350B28FDD30800D2F0AB /* ChartsTVC.swift */,
				BEC8351828FDD4F300D2F0AB /* ChartsVC1.swift */,
				BEC8351A28FDD5B100D2F0AB /* ChartsVC2.swift */,
				BEC8350D28FDD30900D2F0AB /* Assets.xcassets */,
				BEC8350F28FDD30900D2F0AB /* Main.storyboard */,
				BEC8351228FDD30900D2F0AB /* MyGraph.entitlements */,
				BEC8351C28FDD72200D2F0AB /* Extension.swift */,
			);
			path = MyGraph;
			sourceTree = "<group>";
		};
/* End PBXGroup section */

/* Begin PBXNativeTarget section */
		BEC8350528FDD30800D2F0AB /* MyGraph */ = {
			isa = PBXNativeTarget;
			buildConfigurationList = BEC8351528FDD30900D2F0AB /* Build configuration list for PBXNativeTarget "MyGraph" */;
			buildPhases = (
				BEC8350228FDD30800D2F0AB /* Sources */,
				BEC8350328FDD30800D2F0AB /* Frameworks */,
				BEC8350428FDD30800D2F0AB /* Resources */,
			);
			buildRules = (
			);
			dependencies = (
			);
			name = MyGraph;
			productName = MyGraph;
			productReference = BEC8350628FDD30800D2F0AB /* MyGraph.app */;
			productType = "com.apple.product-type.application";
		};
/* End PBXNativeTarget section */

/* Begin PBXProject section */
		BEC834FE28FDD30800D2F0AB /* Project object */ = {
			isa = PBXProject;
			attributes = {
				BuildIndependentTargetsInParallel = 1;
				LastSwiftUpdateCheck = 1400;
				LastUpgradeCheck = 1400;
				TargetAttributes = {
					BEC8350528FDD30800D2F0AB = {
						CreatedOnToolsVersion = 14.0;
					};
				};
			};
			buildConfigurationList = BEC8350128FDD30800D2F0AB /* Build configuration list for PBXProject "MyGraph" */;
			compatibilityVersion = "Xcode 14.0";
			developmentRegion = en;
			hasScannedForEncodings = 0;
			knownRegions = (
				en,
				Base,
			);
			mainGroup = BEC834FD28FDD30800D2F0AB;
			productRefGroup = BEC8350728FDD30800D2F0AB /* Products */;
			projectDirPath = "";
			projectRoot = "";
			targets = (
				BEC8350528FDD30800D2F0AB /* MyGraph */,
			);
		};
/* End PBXProject section */

/* Begin PBXResourcesBuildPhase section */
		BEC8350428FDD30800D2F0AB /* Resources */ = {
			isa = PBXResourcesBuildPhase;
			buildActionMask = 2147483647;
			files = (
				BEC8350E28FDD30900D2F0AB /* Assets.xcassets in Resources */,
				BEC8351128FDD30900D2F0AB /* Main.storyboard in Resources */,
			);
			runOnlyForDeploymentPostprocessing = 0;
		};
/* End PBXResourcesBuildPhase section */

/* Begin PBXSourcesBuildPhase section */
		BEC8350228FDD30800D2F0AB /* Sources */ = {
			isa = PBXSourcesBuildPhase;
			buildActionMask = 2147483647;
			files = (
				BEC8351D28FDD72200D2F0AB /* Extension.swift in Sources */,
				BEC8351928FDD4F300D2F0AB /* ChartsVC1.swift in Sources */,
				BEC8350C28FDD30800D2F0AB /* ChartsTVC.swift in Sources */,
				BEC8351B28FDD5B100D2F0AB /* ChartsVC2.swift in Sources */,
				BEC8350A28FDD30800D2F0AB /* AppDelegate.swift in Sources */,
			);
			runOnlyForDeploymentPostprocessing = 0;
		};
/* End PBXSourcesBuildPhase section */

/* Begin PBXVariantGroup section */
		BEC8350F28FDD30900D2F0AB /* Main.storyboard */ = {
			isa = PBXVariantGroup;
			children = (
				BEC8351028FDD30900D2F0AB /* Base */,
			);
			name = Main.storyboard;
			sourceTree = "<group>";
		};
/* End PBXVariantGroup section */

/* Begin XCBuildConfiguration section */
		BEC8351328FDD30900D2F0AB /* Debug */ = {
			isa = XCBuildConfiguration;
			buildSettings = {
				ALWAYS_SEARCH_USER_PATHS = NO;
				CLANG_ANALYZER_NONNULL = YES;
				CLANG_ANALYZER_NUMBER_OBJECT_CONVERSION = YES_AGGRESSIVE;
				CLANG_CXX_LANGUAGE_STANDARD = "gnu++20";
				CLANG_ENABLE_MODULES = YES;
				CLANG_ENABLE_OBJC_ARC = YES;
				CLANG_ENABLE_OBJC_WEAK = YES;
				CLANG_WARN_BLOCK_CAPTURE_AUTORELEASING = YES;
				CLANG_WARN_BOOL_CONVERSION = YES;
				CLANG_WARN_COMMA = YES;
				CLANG_WARN_CONSTANT_CONVERSION = YES;
				CLANG_WARN_DEPRECATED_OBJC_IMPLEMENTATIONS = YES;
				CLANG_WARN_DIRECT_OBJC_ISA_USAGE = YES_ERROR;
				CLANG_WARN_DOCUMENTATION_COMMENTS = YES;
				CLANG_WARN_EMPTY_BODY = YES;
				CLANG_WARN_ENUM_CONVERSION = YES;
				CLANG_WARN_INFINITE_RECURSION = YES;
				CLANG_WARN_INT_CONVERSION = YES;
				CLANG_WARN_NON_LITERAL_NULL_CONVERSION = YES;
				CLANG_WARN_OBJC_IMPLICIT_RETAIN_SELF = YES;
				CLANG_WARN_OBJC_LITERAL_CONVERSION = YES;
				CLANG_WARN_OBJC_ROOT_CLASS = YES_ERROR;
				CLANG_WARN_QUOTED_INCLUDE_IN_FRAMEWORK_HEADER = YES;
				CLANG_WARN_RANGE_LOOP_ANALYSIS = YES;
				CLANG_WARN_STRICT_PROTOTYPES = YES;
				CLANG_WARN_SUSPICIOUS_MOVE = YES;
				CLANG_WARN_UNGUARDED_AVAILABILITY = YES_AGGRESSIVE;
				CLANG_WARN_UNREACHABLE_CODE = YES;
				CLANG_WARN__DUPLICATE_METHOD_MATCH = YES;
				COPY_PHASE_STRIP = NO;
				DEBUG_INFORMATION_FORMAT = dwarf;
				ENABLE_STRICT_OBJC_MSGSEND = YES;
				ENABLE_TESTABILITY = YES;
				GCC_C_LANGUAGE_STANDARD = gnu11;
				GCC_DYNAMIC_NO_PIC = NO;
				GCC_NO_COMMON_BLOCKS = YES;
				GCC_OPTIMIZATION_LEVEL = 0;
				GCC_PREPROCESSOR_DEFINITIONS = (
					"DEBUG=1",
					"$(inherited)",
				);
				GCC_WARN_64_TO_32_BIT_CONVERSION = YES;
				GCC_WARN_ABOUT_RETURN_TYPE = YES_ERROR;
				GCC_WARN_UNDECLARED_SELECTOR = YES;
				GCC_WARN_UNINITIALIZED_AUTOS = YES_AGGRESSIVE;
				GCC_WARN_UNUSED_FUNCTION = YES;
				GCC_WARN_UNUSED_VARIABLE = YES;
				MACOSX_DEPLOYMENT_TARGET = 12.6;
				MTL_ENABLE_DEBUG_INFO = INCLUDE_SOURCE;
				MTL_FAST_MATH = YES;
				ONLY_ACTIVE_ARCH = YES;
				SDKROOT = macosx;
				SWIFT_ACTIVE_COMPILATION_CONDITIONS = DEBUG;
				SWIFT_OPTIMIZATION_LEVEL = "-Onone";
			};
			name = Debug;
		};
		BEC8351428FDD30900D2F0AB /* Release */ = {
			isa = XCBuildConfiguration;
			buildSettings = {
				ALWAYS_SEARCH_USER_PATHS = NO;
				CLANG_ANALYZER_NONNULL = YES;
				CLANG_ANALYZER_NUMBER_OBJECT_CONVERSION = YES_AGGRESSIVE;
				CLANG_CXX_LANGUAGE_STANDARD = "gnu++20";
				CLANG_ENABLE_MODULES = YES;
				CLANG_ENABLE_OBJC_ARC = YES;
				CLANG_ENABLE_OBJC_WEAK = YES;
				CLANG_WARN_BLOCK_CAPTURE_AUTORELEASING = YES;
				CLANG_WARN_BOOL_CONVERSION = YES;
				CLANG_WARN_COMMA = YES;
				CLANG_WARN_CONSTANT_CONVERSION = YES;
				CLANG_WARN_DEPRECATED_OBJC_IMPLEMENTATIONS = YES;
				CLANG_WARN_DIRECT_OBJC_ISA_USAGE = YES_ERROR;
				CLANG_WARN_DOCUMENTATION_COMMENTS = YES;
				CLANG_WARN_EMPTY_BODY = YES;
				CLANG_WARN_ENUM_CONVERSION = YES;
				CLANG_WARN_INFINITE_RECURSION = YES;
				CLANG_WARN_INT_CONVERSION = YES;
				CLANG_WARN_NON_LITERAL_NULL_CONVERSION = YES;
				CLANG_WARN_OBJC_IMPLICIT_RETAIN_SELF = YES;
				CLANG_WARN_OBJC_LITERAL_CONVERSION = YES;
				CLANG_WARN_OBJC_ROOT_CLASS = YES_ERROR;
				CLANG_WARN_QUOTED_INCLUDE_IN_FRAMEWORK_HEADER = YES;
				CLANG_WARN_RANGE_LOOP_ANALYSIS = YES;
				CLANG_WARN_STRICT_PROTOTYPES = YES;
				CLANG_WARN_SUSPICIOUS_MOVE = YES;
				CLANG_WARN_UNGUARDED_AVAILABILITY = YES_AGGRESSIVE;
				CLANG_WARN_UNREACHABLE_CODE = YES;
				CLANG_WARN__DUPLICATE_METHOD_MATCH = YES;
				COPY_PHASE_STRIP = NO;
				DEBUG_INFORMATION_FORMAT = "dwarf-with-dsym";
				ENABLE_NS_ASSERTIONS = NO;
				ENABLE_STRICT_OBJC_MSGSEND = YES;
				GCC_C_LANGUAGE_STANDARD = gnu11;
				GCC_NO_COMMON_BLOCKS = YES;
				GCC_WARN_64_TO_32_BIT_CONVERSION = YES;
				GCC_WARN_ABOUT_RETURN_TYPE = YES_ERROR;
				GCC_WARN_UNDECLARED_SELECTOR = YES;
				GCC_WARN_UNINITIALIZED_AUTOS = YES_AGGRESSIVE;
				GCC_WARN_UNUSED_FUNCTION = YES;
				GCC_WARN_UNUSED_VARIABLE = YES;
				MACOSX_DEPLOYMENT_TARGET = 12.6;
				MTL_ENABLE_DEBUG_INFO = NO;
				MTL_FAST_MATH = YES;
				SDKROOT = macosx;
				SWIFT_COMPILATION_MODE = wholemodule;
				SWIFT_OPTIMIZATION_LEVEL = "-O";
			};
			name = Release;
		};
		BEC8351628FDD30900D2F0AB /* Debug */ = {
			isa = XCBuildConfiguration;
			buildSettings = {
				ASSETCATALOG_COMPILER_APPICON_NAME = AppIcon;
				ASSETCATALOG_COMPILER_GLOBAL_ACCENT_COLOR_NAME = AccentColor;
				CODE_SIGN_ENTITLEMENTS = MyGraph/MyGraph.entitlements;
				CODE_SIGN_STYLE = Automatic;
				COMBINE_HIDPI_IMAGES = YES;
				CURRENT_PROJECT_VERSION = 1;
				GENERATE_INFOPLIST_FILE = YES;
				INFOPLIST_KEY_NSHumanReadableCopyright = "";
				INFOPLIST_KEY_NSMainStoryboardFile = Main;
				INFOPLIST_KEY_NSPrincipalClass = NSApplication;
				LD_RUNPATH_SEARCH_PATHS = (
					"$(inherited)",
					"@executable_path/../Frameworks",
				);
				MARKETING_VERSION = 1.0;
				PRODUCT_BUNDLE_IDENTIFIER = SL.MyGraph;
				PRODUCT_NAME = "$(TARGET_NAME)";
				SWIFT_EMIT_LOC_STRINGS = YES;
				SWIFT_VERSION = 5.0;
			};
			name = Debug;
		};
		BEC8351728FDD30900D2F0AB /* Release */ = {
			isa = XCBuildConfiguration;
			buildSettings = {
				ASSETCATALOG_COMPILER_APPICON_NAME = AppIcon;
				ASSETCATALOG_COMPILER_GLOBAL_ACCENT_COLOR_NAME = AccentColor;
				CODE_SIGN_ENTITLEMENTS = MyGraph/MyGraph.entitlements;
				CODE_SIGN_STYLE = Automatic;
				COMBINE_HIDPI_IMAGES = YES;
				CURRENT_PROJECT_VERSION = 1;
				GENERATE_INFOPLIST_FILE = YES;
				INFOPLIST_KEY_NSHumanReadableCopyright = "";
				INFOPLIST_KEY_NSMainStoryboardFile = Main;
				INFOPLIST_KEY_NSPrincipalClass = NSApplication;
				LD_RUNPATH_SEARCH_PATHS = (
					"$(inherited)",
					"@executable_path/../Frameworks",
				);
				MARKETING_VERSION = 1.0;
				PRODUCT_BUNDLE_IDENTIFIER = SL.MyGraph;
				PRODUCT_NAME = "$(TARGET_NAME)";
				SWIFT_EMIT_LOC_STRINGS = YES;
				SWIFT_VERSION = 5.0;
			};
			name = Release;
		};
/* End XCBuildConfiguration section */

/* Begin XCConfigurationList section */
		BEC8350128FDD30800D2F0AB /* Build configuration list for PBXProject "MyGraph" */ = {
			isa = XCConfigurationList;
			buildConfigurations = (
				BEC8351328FDD30900D2F0AB /* Debug */,
				BEC8351428FDD30900D2F0AB /* Release */,
			);
			defaultConfigurationIsVisible = 0;
			defaultConfigurationName = Release;
		};
		BEC8351528FDD30900D2F0AB /* Build configuration list for PBXNativeTarget "MyGraph" */ = {
			isa = XCConfigurationList;
			buildConfigurations = (
				BEC8351628FDD30900D2F0AB /* Debug */,
				BEC8351728FDD30900D2F0AB /* Release */,
			);
			defaultConfigurationIsVisible = 0;
			defaultConfigurationName = Release;
		};
/* End XCConfigurationList section */
	};
	rootObject = BEC834FE28FDD30800D2F0AB /* Project object */;
}
